
Microsoft Visual Studio Solution File, Format Version 12.00
# Visual Studio 15
VisualStudioVersion = 15.0.26124.0
MinimumVisualStudioVersion = 15.0.26124.0
Project("{9A19103F-16F7-4668-BE54-9A1E7A4F7556}") = "R5T.D0020.Construction", "R5T.D0020.Construction\R5T.D0020.Construction.csproj", "{C5084F0E-63C6-49BC-B7F6-B7E8201B2212}"
EndProject
Project("{9A19103F-16F7-4668-BE54-9A1E7A4F7556}") = "R5T.D0020", "R5T.D0020\R5T.D0020.csproj", "{12D7986B-CBAE-4D95-AED7-FA3994FA119A}"
EndProject
Project("{9A19103F-16F7-4668-BE54-9A1E7A4F7556}") = "R5T.D0020.Base", "R5T.D0020.Base\R5T.D0020.Base.csproj", "{3273CC7D-E7FA-4FC8-BD31-E42D9244DBD7}"
EndProject
Project("{9A19103F-16F7-4668-BE54-9A1E7A4F7556}") = "R5T.D0016.Base", "..\..\R5T.D0016\source\R5T.D0016.Base\R5T.D0016.Base.csproj", "{8799A5A2-CCE5-41EB-88C4-61C869D1CA43}"
EndProject
Project("{2150E333-8FDC-42A3-9474-1A3956D46DE8}") = "_Dependencies", "_Dependencies", "{A9FB4955-8991-4A75-B8A7-689629CF9C0B}"
EndProject
Project("{9A19103F-16F7-4668-BE54-9A1E7A4F7556}") = "R5T.T0002", "..\..\R5T.T0002\source\R5T.T0002\R5T.T0002.csproj", "{7ED30403-2105-4701-906E-1A4444C3DDBB}"
EndProject
Project("{9A19103F-16F7-4668-BE54-9A1E7A4F7556}") = "R5T.D0010.Base", "..\..\R5T.D0010\source\R5T.D0010.Base\R5T.D0010.Base.csproj", "{464131E3-5B31-4EC3-9369-D2CD603315FC}"
EndProject
Project("{9A19103F-16F7-4668-BE54-9A1E7A4F7556}") = "R5T.T0001", "..\..\R5T.T0001\source\R5T.T0001\R5T.T0001.csproj", "{0C5EF249-4781-45C0-805E-C045608D3A2E}"
EndProject
Project("{9A19103F-16F7-4668-BE54-9A1E7A4F7556}") = "R5T.Ostersund", "..\..\R5T.Ostersund\source\R5T.Ostersund\R5T.Ostersund.csproj", "{7BD69B30-36B9-4954-9A30-8A6E4EECCF31}"
EndProject
Project("{9A19103F-16F7-4668-BE54-9A1E7A4F7556}") = "R5T.T0003", "..\..\R5T.T0003\source\R5T.T0003\R5T.T0003.csproj", "{EF12FFF4-21B5-402D-AF26-5F2BFC2F22B2}"
EndProject
Project("{9A19103F-16F7-4668-BE54-9A1E7A4F7556}") = "R5T.D0020.Default", "R5T.D0020.Default\R5T.D0020.Default.csproj", "{C76AF135-FD71-42DB-B4E1-6E3181EFCFC8}"
EndProject
Project("{9A19103F-16F7-4668-BE54-9A1E7A4F7556}") = "R5T.D0010.Default", "..\..\R5T.D0010\source\R5T.D0010.Default\R5T.D0010.Default.csproj", "{0FCC1AB8-3194-4649-8006-778AAA08F148}"
EndProject
Project("{9A19103F-16F7-4668-BE54-9A1E7A4F7556}") = "R5T.Dacia.Extensions", "..\..\R5T.Dacia.Extensions\source\R5T.Dacia.Extensions\R5T.Dacia.Extensions.csproj", "{B177C2E4-B76E-4AB1-8CC2-B62DDF438C62}"
EndProject
Project("{9A19103F-16F7-4668-BE54-9A1E7A4F7556}") = "R5T.Dacia", "..\..\R5T.Dacia\source\R5T.Dacia\R5T.Dacia.csproj", "{86B7D763-D465-4FB7-BBCD-F9A4475D6E99}"
EndProject
Project("{9A19103F-16F7-4668-BE54-9A1E7A4F7556}") = "R5T.Lombardy.Base", "..\..\R5T.Lombardy.Base\source\R5T.Lombardy.Base\R5T.Lombardy.Base.csproj", "{650E4157-0522-4D72-BC3D-4D3391FC9212}"
EndProject
Project("{9A19103F-16F7-4668-BE54-9A1E7A4F7556}") = "R5T.Magyar", "..\..\R5T.Magyar\source\R5T.Magyar\R5T.Magyar.csproj", "{AB099BCD-84C3-4823-B9C3-237B1FC22A00}"
EndProject
Project("{9A19103F-16F7-4668-BE54-9A1E7A4F7556}") = "R5T.D0001.Base", "..\..\R5T.D0001\source\R5T.D0001.Base\R5T.D0001.Base.csproj", "{E657D105-1E1C-4450-BFE7-7BA4CFF5CDA4}"
EndProject
Project("{9A19103F-16F7-4668-BE54-9A1E7A4F7556}") = "R5T.D0010.Extensions", "..\..\R5T.D0010\source\R5T.D0010.Extensions\R5T.D0010.Extensions.csproj", "{389C3D57-E68F-46A4-AB4A-6D04E74596C4}"
EndProject
Project("{9A19103F-16F7-4668-BE54-9A1E7A4F7556}") = "R5T.T0064", "..\..\R5T.T0064\source\R5T.T0064\R5T.T0064.csproj", "{F5500098-C2E9-4E1B-B11B-CCAA90C825BB}"
EndProject
Global
	GlobalSection(SolutionConfigurationPlatforms) = preSolution
		Debug|Any CPU = Debug|Any CPU
		Debug|x64 = Debug|x64
		Debug|x86 = Debug|x86
		Release|Any CPU = Release|Any CPU
		Release|x64 = Release|x64
		Release|x86 = Release|x86
	EndGlobalSection
	GlobalSection(ProjectConfigurationPlatforms) = postSolution
		{C5084F0E-63C6-49BC-B7F6-B7E8201B2212}.Debug|Any CPU.ActiveCfg = Debug|Any CPU
		{C5084F0E-63C6-49BC-B7F6-B7E8201B2212}.Debug|Any CPU.Build.0 = Debug|Any CPU
		{C5084F0E-63C6-49BC-B7F6-B7E8201B2212}.Debug|x64.ActiveCfg = Debug|Any CPU
		{C5084F0E-63C6-49BC-B7F6-B7E8201B2212}.Debug|x64.Build.0 = Debug|Any CPU
		{C5084F0E-63C6-49BC-B7F6-B7E8201B2212}.Debug|x86.ActiveCfg = Debug|Any CPU
		{C5084F0E-63C6-49BC-B7F6-B7E8201B2212}.Debug|x86.Build.0 = Debug|Any CPU
		{C5084F0E-63C6-49BC-B7F6-B7E8201B2212}.Release|Any CPU.ActiveCfg = Release|Any CPU
		{C5084F0E-63C6-49BC-B7F6-B7E8201B2212}.Release|Any CPU.Build.0 = Release|Any CPU
		{C5084F0E-63C6-49BC-B7F6-B7E8201B2212}.Release|x64.ActiveCfg = Release|Any CPU
		{C5084F0E-63C6-49BC-B7F6-B7E8201B2212}.Release|x64.Build.0 = Release|Any CPU
		{C5084F0E-63C6-49BC-B7F6-B7E8201B2212}.Release|x86.ActiveCfg = Release|Any CPU
		{C5084F0E-63C6-49BC-B7F6-B7E8201B2212}.Release|x86.Build.0 = Release|Any CPU
		{12D7986B-CBAE-4D95-AED7-FA3994FA119A}.Debug|Any CPU.ActiveCfg = Debug|Any CPU
		{12D7986B-CBAE-4D95-AED7-FA3994FA119A}.Debug|Any CPU.Build.0 = Debug|Any CPU
		{12D7986B-CBAE-4D95-AED7-FA3994FA119A}.Debug|x64.ActiveCfg = Debug|Any CPU
		{12D7986B-CBAE-4D95-AED7-FA3994FA119A}.Debug|x64.Build.0 = Debug|Any CPU
		{12D7986B-CBAE-4D95-AED7-FA3994FA119A}.Debug|x86.ActiveCfg = Debug|Any CPU
		{12D7986B-CBAE-4D95-AED7-FA3994FA119A}.Debug|x86.Build.0 = Debug|Any CPU
		{12D7986B-CBAE-4D95-AED7-FA3994FA119A}.Release|Any CPU.ActiveCfg = Release|Any CPU
		{12D7986B-CBAE-4D95-AED7-FA3994FA119A}.Release|Any CPU.Build.0 = Release|Any CPU
		{12D7986B-CBAE-4D95-AED7-FA3994FA119A}.Release|x64.ActiveCfg = Release|Any CPU
		{12D7986B-CBAE-4D95-AED7-FA3994FA119A}.Release|x64.Build.0 = Release|Any CPU
		{12D7986B-CBAE-4D95-AED7-FA3994FA119A}.Release|x86.ActiveCfg = Release|Any CPU
		{12D7986B-CBAE-4D95-AED7-FA3994FA119A}.Release|x86.Build.0 = Release|Any CPU
		{3273CC7D-E7FA-4FC8-BD31-E42D9244DBD7}.Debug|Any CPU.ActiveCfg = Debug|Any CPU
		{3273CC7D-E7FA-4FC8-BD31-E42D9244DBD7}.Debug|Any CPU.Build.0 = Debug|Any CPU
		{3273CC7D-E7FA-4FC8-BD31-E42D9244DBD7}.Debug|x64.ActiveCfg = Debug|Any CPU
		{3273CC7D-E7FA-4FC8-BD31-E42D9244DBD7}.Debug|x64.Build.0 = Debug|Any CPU
		{3273CC7D-E7FA-4FC8-BD31-E42D9244DBD7}.Debug|x86.ActiveCfg = Debug|Any CPU
		{3273CC7D-E7FA-4FC8-BD31-E42D9244DBD7}.Debug|x86.Build.0 = Debug|Any CPU
		{3273CC7D-E7FA-4FC8-BD31-E42D9244DBD7}.Release|Any CPU.ActiveCfg = Release|Any CPU
		{3273CC7D-E7FA-4FC8-BD31-E42D9244DBD7}.Release|Any CPU.Build.0 = Release|Any CPU
		{3273CC7D-E7FA-4FC8-BD31-E42D9244DBD7}.Release|x64.ActiveCfg = Release|Any CPU
		{3273CC7D-E7FA-4FC8-BD31-E42D9244DBD7}.Release|x64.Build.0 = Release|Any CPU
		{3273CC7D-E7FA-4FC8-BD31-E42D9244DBD7}.Release|x86.ActiveCfg = Release|Any CPU
		{3273CC7D-E7FA-4FC8-BD31-E42D9244DBD7}.Release|x86.Build.0 = Release|Any CPU
		{8799A5A2-CCE5-41EB-88C4-61C869D1CA43}.Debug|Any CPU.ActiveCfg = Debug|Any CPU
		{8799A5A2-CCE5-41EB-88C4-61C869D1CA43}.Debug|Any CPU.Build.0 = Debug|Any CPU
		{8799A5A2-CCE5-41EB-88C4-61C869D1CA43}.Debug|x64.ActiveCfg = Debug|Any CPU
		{8799A5A2-CCE5-41EB-88C4-61C869D1CA43}.Debug|x64.Build.0 = Debug|Any CPU
		{8799A5A2-CCE5-41EB-88C4-61C869D1CA43}.Debug|x86.ActiveCfg = Debug|Any CPU
		{8799A5A2-CCE5-41EB-88C4-61C869D1CA43}.Debug|x86.Build.0 = Debug|Any CPU
		{8799A5A2-CCE5-41EB-88C4-61C869D1CA43}.Release|Any CPU.ActiveCfg = Release|Any CPU
		{8799A5A2-CCE5-41EB-88C4-61C869D1CA43}.Release|Any CPU.Build.0 = Release|Any CPU
		{8799A5A2-CCE5-41EB-88C4-61C869D1CA43}.Release|x64.ActiveCfg = Release|Any CPU
		{8799A5A2-CCE5-41EB-88C4-61C869D1CA43}.Release|x64.Build.0 = Release|Any CPU
		{8799A5A2-CCE5-41EB-88C4-61C869D1CA43}.Release|x86.ActiveCfg = Release|Any CPU
		{8799A5A2-CCE5-41EB-88C4-61C869D1CA43}.Release|x86.Build.0 = Release|Any CPU
		{7ED30403-2105-4701-906E-1A4444C3DDBB}.Debug|Any CPU.ActiveCfg = Debug|Any CPU
		{7ED30403-2105-4701-906E-1A4444C3DDBB}.Debug|Any CPU.Build.0 = Debug|Any CPU
		{7ED30403-2105-4701-906E-1A4444C3DDBB}.Debug|x64.ActiveCfg = Debug|Any CPU
		{7ED30403-2105-4701-906E-1A4444C3DDBB}.Debug|x64.Build.0 = Debug|Any CPU
		{7ED30403-2105-4701-906E-1A4444C3DDBB}.Debug|x86.ActiveCfg = Debug|Any CPU
		{7ED30403-2105-4701-906E-1A4444C3DDBB}.Debug|x86.Build.0 = Debug|Any CPU
		{7ED30403-2105-4701-906E-1A4444C3DDBB}.Release|Any CPU.ActiveCfg = Release|Any CPU
		{7ED30403-2105-4701-906E-1A4444C3DDBB}.Release|Any CPU.Build.0 = Release|Any CPU
		{7ED30403-2105-4701-906E-1A4444C3DDBB}.Release|x64.ActiveCfg = Release|Any CPU
		{7ED30403-2105-4701-906E-1A4444C3DDBB}.Release|x64.Build.0 = Release|Any CPU
		{7ED30403-2105-4701-906E-1A4444C3DDBB}.Release|x86.ActiveCfg = Release|Any CPU
		{7ED30403-2105-4701-906E-1A4444C3DDBB}.Release|x86.Build.0 = Release|Any CPU
		{464131E3-5B31-4EC3-9369-D2CD603315FC}.Debug|Any CPU.ActiveCfg = Debug|Any CPU
		{464131E3-5B31-4EC3-9369-D2CD603315FC}.Debug|Any CPU.Build.0 = Debug|Any CPU
		{464131E3-5B31-4EC3-9369-D2CD603315FC}.Debug|x64.ActiveCfg = Debug|Any CPU
		{464131E3-5B31-4EC3-9369-D2CD603315FC}.Debug|x64.Build.0 = Debug|Any CPU
		{464131E3-5B31-4EC3-9369-D2CD603315FC}.Debug|x86.ActiveCfg = Debug|Any CPU
		{464131E3-5B31-4EC3-9369-D2CD603315FC}.Debug|x86.Build.0 = Debug|Any CPU
		{464131E3-5B31-4EC3-9369-D2CD603315FC}.Release|Any CPU.ActiveCfg = Release|Any CPU
		{464131E3-5B31-4EC3-9369-D2CD603315FC}.Release|Any CPU.Build.0 = Release|Any CPU
		{464131E3-5B31-4EC3-9369-D2CD603315FC}.Release|x64.ActiveCfg = Release|Any CPU
		{464131E3-5B31-4EC3-9369-D2CD603315FC}.Release|x64.Build.0 = Release|Any CPU
		{464131E3-5B31-4EC3-9369-D2CD603315FC}.Release|x86.ActiveCfg = Release|Any CPU
		{464131E3-5B31-4EC3-9369-D2CD603315FC}.Release|x86.Build.0 = Release|Any CPU
		{0C5EF249-4781-45C0-805E-C045608D3A2E}.Debug|Any CPU.ActiveCfg = Debug|Any CPU
		{0C5EF249-4781-45C0-805E-C045608D3A2E}.Debug|Any CPU.Build.0 = Debug|Any CPU
		{0C5EF249-4781-45C0-805E-C045608D3A2E}.Debug|x64.ActiveCfg = Debug|Any CPU
		{0C5EF249-4781-45C0-805E-C045608D3A2E}.Debug|x64.Build.0 = Debug|Any CPU
		{0C5EF249-4781-45C0-805E-C045608D3A2E}.Debug|x86.ActiveCfg = Debug|Any CPU
		{0C5EF249-4781-45C0-805E-C045608D3A2E}.Debug|x86.Build.0 = Debug|Any CPU
		{0C5EF249-4781-45C0-805E-C045608D3A2E}.Release|Any CPU.ActiveCfg = Release|Any CPU
		{0C5EF249-4781-45C0-805E-C045608D3A2E}.Release|Any CPU.Build.0 = Release|Any CPU
		{0C5EF249-4781-45C0-805E-C045608D3A2E}.Release|x64.ActiveCfg = Release|Any CPU
		{0C5EF249-4781-45C0-805E-C045608D3A2E}.Release|x64.Build.0 = Release|Any CPU
		{0C5EF249-4781-45C0-805E-C045608D3A2E}.Release|x86.ActiveCfg = Release|Any CPU
		{0C5EF249-4781-45C0-805E-C045608D3A2E}.Release|x86.Build.0 = Release|Any CPU
		{7BD69B30-36B9-4954-9A30-8A6E4EECCF31}.Debug|Any CPU.ActiveCfg = Debug|Any CPU
		{7BD69B30-36B9-4954-9A30-8A6E4EECCF31}.Debug|Any CPU.Build.0 = Debug|Any CPU
		{7BD69B30-36B9-4954-9A30-8A6E4EECCF31}.Debug|x64.ActiveCfg = Debug|Any CPU
		{7BD69B30-36B9-4954-9A30-8A6E4EECCF31}.Debug|x64.Build.0 = Debug|Any CPU
		{7BD69B30-36B9-4954-9A30-8A6E4EECCF31}.Debug|x86.ActiveCfg = Debug|Any CPU
		{7BD69B30-36B9-4954-9A30-8A6E4EECCF31}.Debug|x86.Build.0 = Debug|Any CPU
		{7BD69B30-36B9-4954-9A30-8A6E4EECCF31}.Release|Any CPU.ActiveCfg = Release|Any CPU
		{7BD69B30-36B9-4954-9A30-8A6E4EECCF31}.Release|Any CPU.Build.0 = Release|Any CPU
		{7BD69B30-36B9-4954-9A30-8A6E4EECCF31}.Release|x64.ActiveCfg = Release|Any CPU
		{7BD69B30-36B9-4954-9A30-8A6E4EECCF31}.Release|x64.Build.0 = Release|Any CPU
		{7BD69B30-36B9-4954-9A30-8A6E4EECCF31}.Release|x86.ActiveCfg = Release|Any CPU
		{7BD69B30-36B9-4954-9A30-8A6E4EECCF31}.Release|x86.Build.0 = Release|Any CPU
		{EF12FFF4-21B5-402D-AF26-5F2BFC2F22B2}.Debug|Any CPU.ActiveCfg = Debug|Any CPU
		{EF12FFF4-21B5-402D-AF26-5F2BFC2F22B2}.Debug|Any CPU.Build.0 = Debug|Any CPU
		{EF12FFF4-21B5-402D-AF26-5F2BFC2F22B2}.Debug|x64.ActiveCfg = Debug|Any CPU
		{EF12FFF4-21B5-402D-AF26-5F2BFC2F22B2}.Debug|x64.Build.0 = Debug|Any CPU
		{EF12FFF4-21B5-402D-AF26-5F2BFC2F22B2}.Debug|x86.ActiveCfg = Debug|Any CPU
		{EF12FFF4-21B5-402D-AF26-5F2BFC2F22B2}.Debug|x86.Build.0 = Debug|Any CPU
		{EF12FFF4-21B5-402D-AF26-5F2BFC2F22B2}.Release|Any CPU.ActiveCfg = Release|Any CPU
		{EF12FFF4-21B5-402D-AF26-5F2BFC2F22B2}.Release|Any CPU.Build.0 = Release|Any CPU
		{EF12FFF4-21B5-402D-AF26-5F2BFC2F22B2}.Release|x64.ActiveCfg = Release|Any CPU
		{EF12FFF4-21B5-402D-AF26-5F2BFC2F22B2}.Release|x64.Build.0 = Release|Any CPU
		{EF12FFF4-21B5-402D-AF26-5F2BFC2F22B2}.Release|x86.ActiveCfg = Release|Any CPU
		{EF12FFF4-21B5-402D-AF26-5F2BFC2F22B2}.Release|x86.Build.0 = Release|Any CPU
		{C76AF135-FD71-42DB-B4E1-6E3181EFCFC8}.Debug|Any CPU.ActiveCfg = Debug|Any CPU
		{C76AF135-FD71-42DB-B4E1-6E3181EFCFC8}.Debug|Any CPU.Build.0 = Debug|Any CPU
		{C76AF135-FD71-42DB-B4E1-6E3181EFCFC8}.Debug|x64.ActiveCfg = Debug|Any CPU
		{C76AF135-FD71-42DB-B4E1-6E3181EFCFC8}.Debug|x64.Build.0 = Debug|Any CPU
		{C76AF135-FD71-42DB-B4E1-6E3181EFCFC8}.Debug|x86.ActiveCfg = Debug|Any CPU
		{C76AF135-FD71-42DB-B4E1-6E3181EFCFC8}.Debug|x86.Build.0 = Debug|Any CPU
		{C76AF135-FD71-42DB-B4E1-6E3181EFCFC8}.Release|Any CPU.ActiveCfg = Release|Any CPU
		{C76AF135-FD71-42DB-B4E1-6E3181EFCFC8}.Release|Any CPU.Build.0 = Release|Any CPU
		{C76AF135-FD71-42DB-B4E1-6E3181EFCFC8}.Release|x64.ActiveCfg = Release|Any CPU
		{C76AF135-FD71-42DB-B4E1-6E3181EFCFC8}.Release|x64.Build.0 = Release|Any CPU
		{C76AF135-FD71-42DB-B4E1-6E3181EFCFC8}.Release|x86.ActiveCfg = Release|Any CPU
		{C76AF135-FD71-42DB-B4E1-6E3181EFCFC8}.Release|x86.Build.0 = Release|Any CPU
		{0FCC1AB8-3194-4649-8006-778AAA08F148}.Debug|Any CPU.ActiveCfg = Debug|Any CPU
		{0FCC1AB8-3194-4649-8006-778AAA08F148}.Debug|Any CPU.Build.0 = Debug|Any CPU
		{0FCC1AB8-3194-4649-8006-778AAA08F148}.Debug|x64.ActiveCfg = Debug|Any CPU
		{0FCC1AB8-3194-4649-8006-778AAA08F148}.Debug|x64.Build.0 = Debug|Any CPU
		{0FCC1AB8-3194-4649-8006-778AAA08F148}.Debug|x86.ActiveCfg = Debug|Any CPU
		{0FCC1AB8-3194-4649-8006-778AAA08F148}.Debug|x86.Build.0 = Debug|Any CPU
		{0FCC1AB8-3194-4649-8006-778AAA08F148}.Release|Any CPU.ActiveCfg = Release|Any CPU
		{0FCC1AB8-3194-4649-8006-778AAA08F148}.Release|Any CPU.Build.0 = Release|Any CPU
		{0FCC1AB8-3194-4649-8006-778AAA08F148}.Release|x64.ActiveCfg = Release|Any CPU
		{0FCC1AB8-3194-4649-8006-778AAA08F148}.Release|x64.Build.0 = Release|Any CPU
		{0FCC1AB8-3194-4649-8006-778AAA08F148}.Release|x86.ActiveCfg = Release|Any CPU
		{0FCC1AB8-3194-4649-8006-778AAA08F148}.Release|x86.Build.0 = Release|Any CPU
		{B177C2E4-B76E-4AB1-8CC2-B62DDF438C62}.Debug|Any CPU.ActiveCfg = Debug|Any CPU
		{B177C2E4-B76E-4AB1-8CC2-B62DDF438C62}.Debug|Any CPU.Build.0 = Debug|Any CPU
		{B177C2E4-B76E-4AB1-8CC2-B62DDF438C62}.Debug|x64.ActiveCfg = Debug|Any CPU
		{B177C2E4-B76E-4AB1-8CC2-B62DDF438C62}.Debug|x64.Build.0 = Debug|Any CPU
		{B177C2E4-B76E-4AB1-8CC2-B62DDF438C62}.Debug|x86.ActiveCfg = Debug|Any CPU
		{B177C2E4-B76E-4AB1-8CC2-B62DDF438C62}.Debug|x86.Build.0 = Debug|Any CPU
		{B177C2E4-B76E-4AB1-8CC2-B62DDF438C62}.Release|Any CPU.ActiveCfg = Release|Any CPU
		{B177C2E4-B76E-4AB1-8CC2-B62DDF438C62}.Release|Any CPU.Build.0 = Release|Any CPU
		{B177C2E4-B76E-4AB1-8CC2-B62DDF438C62}.Release|x64.ActiveCfg = Release|Any CPU
		{B177C2E4-B76E-4AB1-8CC2-B62DDF438C62}.Release|x64.Build.0 = Release|Any CPU
		{B177C2E4-B76E-4AB1-8CC2-B62DDF438C62}.Release|x86.ActiveCfg = Release|Any CPU
		{B177C2E4-B76E-4AB1-8CC2-B62DDF438C62}.Release|x86.Build.0 = Release|Any CPU
		{86B7D763-D465-4FB7-BBCD-F9A4475D6E99}.Debug|Any CPU.ActiveCfg = Debug|Any CPU
		{86B7D763-D465-4FB7-BBCD-F9A4475D6E99}.Debug|Any CPU.Build.0 = Debug|Any CPU
		{86B7D763-D465-4FB7-BBCD-F9A4475D6E99}.Debug|x64.ActiveCfg = Debug|Any CPU
		{86B7D763-D465-4FB7-BBCD-F9A4475D6E99}.Debug|x64.Build.0 = Debug|Any CPU
		{86B7D763-D465-4FB7-BBCD-F9A4475D6E99}.Debug|x86.ActiveCfg = Debug|Any CPU
		{86B7D763-D465-4FB7-BBCD-F9A4475D6E99}.Debug|x86.Build.0 = Debug|Any CPU
		{86B7D763-D465-4FB7-BBCD-F9A4475D6E99}.Release|Any CPU.ActiveCfg = Release|Any CPU
		{86B7D763-D465-4FB7-BBCD-F9A4475D6E99}.Release|Any CPU.Build.0 = Release|Any CPU
		{86B7D763-D465-4FB7-BBCD-F9A4475D6E99}.Release|x64.ActiveCfg = Release|Any CPU
		{86B7D763-D465-4FB7-BBCD-F9A4475D6E99}.Release|x64.Build.0 = Release|Any CPU
		{86B7D763-D465-4FB7-BBCD-F9A4475D6E99}.Release|x86.ActiveCfg = Release|Any CPU
		{86B7D763-D465-4FB7-BBCD-F9A4475D6E99}.Release|x86.Build.0 = Release|Any CPU
		{650E4157-0522-4D72-BC3D-4D3391FC9212}.Debug|Any CPU.ActiveCfg = Debug|Any CPU
		{650E4157-0522-4D72-BC3D-4D3391FC9212}.Debug|Any CPU.Build.0 = Debug|Any CPU
		{650E4157-0522-4D72-BC3D-4D3391FC9212}.Debug|x64.ActiveCfg = Debug|Any CPU
		{650E4157-0522-4D72-BC3D-4D3391FC9212}.Debug|x64.Build.0 = Debug|Any CPU
		{650E4157-0522-4D72-BC3D-4D3391FC9212}.Debug|x86.ActiveCfg = Debug|Any CPU
		{650E4157-0522-4D72-BC3D-4D3391FC9212}.Debug|x86.Build.0 = Debug|Any CPU
		{650E4157-0522-4D72-BC3D-4D3391FC9212}.Release|Any CPU.ActiveCfg = Release|Any CPU
		{650E4157-0522-4D72-BC3D-4D3391FC9212}.Release|Any CPU.Build.0 = Release|Any CPU
		{650E4157-0522-4D72-BC3D-4D3391FC9212}.Release|x64.ActiveCfg = Release|Any CPU
		{650E4157-0522-4D72-BC3D-4D3391FC9212}.Release|x64.Build.0 = Release|Any CPU
		{650E4157-0522-4D72-BC3D-4D3391FC9212}.Release|x86.ActiveCfg = Release|Any CPU
		{650E4157-0522-4D72-BC3D-4D3391FC9212}.Release|x86.Build.0 = Release|Any CPU
		{AB099BCD-84C3-4823-B9C3-237B1FC22A00}.Debug|Any CPU.ActiveCfg = Debug|Any CPU
		{AB099BCD-84C3-4823-B9C3-237B1FC22A00}.Debug|Any CPU.Build.0 = Debug|Any CPU
		{AB099BCD-84C3-4823-B9C3-237B1FC22A00}.Debug|x64.ActiveCfg = Debug|Any CPU
		{AB099BCD-84C3-4823-B9C3-237B1FC22A00}.Debug|x64.Build.0 = Debug|Any CPU
		{AB099BCD-84C3-4823-B9C3-237B1FC22A00}.Debug|x86.ActiveCfg = Debug|Any CPU
		{AB099BCD-84C3-4823-B9C3-237B1FC22A00}.Debug|x86.Build.0 = Debug|Any CPU
		{AB099BCD-84C3-4823-B9C3-237B1FC22A00}.Release|Any CPU.ActiveCfg = Release|Any CPU
		{AB099BCD-84C3-4823-B9C3-237B1FC22A00}.Release|Any CPU.Build.0 = Release|Any CPU
		{AB099BCD-84C3-4823-B9C3-237B1FC22A00}.Release|x64.ActiveCfg = Release|Any CPU
		{AB099BCD-84C3-4823-B9C3-237B1FC22A00}.Release|x64.Build.0 = Release|Any CPU
		{AB099BCD-84C3-4823-B9C3-237B1FC22A00}.Release|x86.ActiveCfg = Release|Any CPU
		{AB099BCD-84C3-4823-B9C3-237B1FC22A00}.Release|x86.Build.0 = Release|Any CPU
		{E657D105-1E1C-4450-BFE7-7BA4CFF5CDA4}.Debug|Any CPU.ActiveCfg = Debug|Any CPU
		{E657D105-1E1C-4450-BFE7-7BA4CFF5CDA4}.Debug|Any CPU.Build.0 = Debug|Any CPU
		{E657D105-1E1C-4450-BFE7-7BA4CFF5CDA4}.Debug|x64.ActiveCfg = Debug|Any CPU
		{E657D105-1E1C-4450-BFE7-7BA4CFF5CDA4}.Debug|x64.Build.0 = Debug|Any CPU
		{E657D105-1E1C-4450-BFE7-7BA4CFF5CDA4}.Debug|x86.ActiveCfg = Debug|Any CPU
		{E657D105-1E1C-4450-BFE7-7BA4CFF5CDA4}.Debug|x86.Build.0 = Debug|Any CPU
		{E657D105-1E1C-4450-BFE7-7BA4CFF5CDA4}.Release|Any CPU.ActiveCfg = Release|Any CPU
		{E657D105-1E1C-4450-BFE7-7BA4CFF5CDA4}.Release|Any CPU.Build.0 = Release|Any CPU
		{E657D105-1E1C-4450-BFE7-7BA4CFF5CDA4}.Release|x64.ActiveCfg = Release|Any CPU
		{E657D105-1E1C-4450-BFE7-7BA4CFF5CDA4}.Release|x64.Build.0 = Release|Any CPU
		{E657D105-1E1C-4450-BFE7-7BA4CFF5CDA4}.Release|x86.ActiveCfg = Release|Any CPU
		{E657D105-1E1C-4450-BFE7-7BA4CFF5CDA4}.Release|x86.Build.0 = Release|Any CPU
		{389C3D57-E68F-46A4-AB4A-6D04E74596C4}.Debug|Any CPU.ActiveCfg = Debug|Any CPU
		{389C3D57-E68F-46A4-AB4A-6D04E74596C4}.Debug|Any CPU.Build.0 = Debug|Any CPU
		{389C3D57-E68F-46A4-AB4A-6D04E74596C4}.Debug|x64.ActiveCfg = Debug|Any CPU
		{389C3D57-E68F-46A4-AB4A-6D04E74596C4}.Debug|x64.Build.0 = Debug|Any CPU
		{389C3D57-E68F-46A4-AB4A-6D04E74596C4}.Debug|x86.ActiveCfg = Debug|Any CPU
		{389C3D57-E68F-46A4-AB4A-6D04E74596C4}.Debug|x86.Build.0 = Debug|Any CPU
		{389C3D57-E68F-46A4-AB4A-6D04E74596C4}.Release|Any CPU.ActiveCfg = Release|Any CPU
		{389C3D57-E68F-46A4-AB4A-6D04E74596C4}.Release|Any CPU.Build.0 = Release|Any CPU
		{389C3D57-E68F-46A4-AB4A-6D04E74596C4}.Release|x64.ActiveCfg = Release|Any CPU
		{389C3D57-E68F-46A4-AB4A-6D04E74596C4}.Release|x64.Build.0 = Release|Any CPU
		{389C3D57-E68F-46A4-AB4A-6D04E74596C4}.Release|x86.ActiveCfg = Release|Any CPU
		{389C3D57-E68F-46A4-AB4A-6D04E74596C4}.Release|x86.Build.0 = Release|Any CPU
		{F5500098-C2E9-4E1B-B11B-CCAA90C825BB}.Debug|Any CPU.ActiveCfg = Debug|Any CPU
		{F5500098-C2E9-4E1B-B11B-CCAA90C825BB}.Debug|Any CPU.Build.0 = Debug|Any CPU
		{F5500098-C2E9-4E1B-B11B-CCAA90C825BB}.Debug|x64.ActiveCfg = Debug|Any CPU
		{F5500098-C2E9-4E1B-B11B-CCAA90C825BB}.Debug|x64.Build.0 = Debug|Any CPU
		{F5500098-C2E9-4E1B-B11B-CCAA90C825BB}.Debug|x86.ActiveCfg = Debug|Any CPU
		{F5500098-C2E9-4E1B-B11B-CCAA90C825BB}.Debug|x86.Build.0 = Debug|Any CPU
		{F5500098-C2E9-4E1B-B11B-CCAA90C825BB}.Release|Any CPU.ActiveCfg = Release|Any CPU
		{F5500098-C2E9-4E1B-B11B-CCAA90C825BB}.Release|Any CPU.Build.0 = Release|Any CPU
		{F5500098-C2E9-4E1B-B11B-CCAA90C825BB}.Release|x64.ActiveCfg = Release|Any CPU
		{F5500098-C2E9-4E1B-B11B-CCAA90C825BB}.Release|x64.Build.0 = Release|Any CPU
		{F5500098-C2E9-4E1B-B11B-CCAA90C825BB}.Release|x86.ActiveCfg = Release|Any CPU
		{F5500098-C2E9-4E1B-B11B-CCAA90C825BB}.Release|x86.Build.0 = Release|Any CPU
	EndGlobalSection
	GlobalSection(SolutionProperties) = preSolution
		HideSolutionNode = FALSE
	EndGlobalSection
	GlobalSection(NestedProjects) = preSolution
		{8799A5A2-CCE5-41EB-88C4-61C869D1CA43} = {A9FB4955-8991-4A75-B8A7-689629CF9C0B}
		{7ED30403-2105-4701-906E-1A4444C3DDBB} = {A9FB4955-8991-4A75-B8A7-689629CF9C0B}
		{464131E3-5B31-4EC3-9369-D2CD603315FC} = {A9FB4955-8991-4A75-B8A7-689629CF9C0B}
		{0C5EF249-4781-45C0-805E-C045608D3A2E} = {A9FB4955-8991-4A75-B8A7-689629CF9C0B}
		{7BD69B30-36B9-4954-9A30-8A6E4EECCF31} = {A9FB4955-8991-4A75-B8A7-689629CF9C0B}
		{EF12FFF4-21B5-402D-AF26-5F2BFC2F22B2} = {A9FB4955-8991-4A75-B8A7-689629CF9C0B}
		{0FCC1AB8-3194-4649-8006-778AAA08F148} = {A9FB4955-8991-4A75-B8A7-689629CF9C0B}
		{B177C2E4-B76E-4AB1-8CC2-B62DDF438C62} = {A9FB4955-8991-4A75-B8A7-689629CF9C0B}
		{86B7D763-D465-4FB7-BBCD-F9A4475D6E99} = {A9FB4955-8991-4A75-B8A7-689629CF9C0B}
		{650E4157-0522-4D72-BC3D-4D3391FC9212} = {A9FB4955-8991-4A75-B8A7-689629CF9C0B}
		{AB099BCD-84C3-4823-B9C3-237B1FC22A00} = {A9FB4955-8991-4A75-B8A7-689629CF9C0B}
		{E657D105-1E1C-4450-BFE7-7BA4CFF5CDA4} = {A9FB4955-8991-4A75-B8A7-689629CF9C0B}
		{389C3D57-E68F-46A4-AB4A-6D04E74596C4} = {A9FB4955-8991-4A75-B8A7-689629CF9C0B}
		{F5500098-C2E9-4E1B-B11B-CCAA90C825BB} = {A9FB4955-8991-4A75-B8A7-689629CF9C0B}
	EndGlobalSection
	GlobalSection(ExtensibilityGlobals) = postSolution
		SolutionGuid = {A6BF77B5-6A18-446E-B6C4-B2E7E447C4F3}
	EndGlobalSection
EndGlobal
